
Microsoft Visual Studio Solution File, Format Version 12.00
# Visual Studio Version 16
VisualStudioVersion = 16.0.33423.256
MinimumVisualStudioVersion = 10.0.40219.1
Project("{FAE04EC0-301F-11D3-BF4B-00C04F79EFBC}") = "Week5_Game", "Week5_Game\Week5_Game.csproj", "{9F329827-09AA-4921-A800-B26AFFC26936}"
EndProject
Global
	GlobalSection(SolutionConfigurationPlatforms) = preSolution
		Debug|Any CPU = Debug|Any CPU
		Release|Any CPU = Release|Any CPU
	EndGlobalSection
	GlobalSection(ProjectConfigurationPlatforms) = postSolution
		{9F329827-09AA-4921-A800-B26AFFC26936}.Debug|Any CPU.ActiveCfg = Debug|Any CPU
		{9F329827-09AA-4921-A800-B26AFFC26936}.Debug|Any CPU.Build.0 = Debug|Any CPU
		{9F329827-09AA-4921-A800-B26AFFC26936}.Release|Any CPU.ActiveCfg = Release|Any CPU
		{9F329827-09AA-4921-A800-B26AFFC26936}.Release|Any CPU.Build.0 = Release|Any CPU
	EndGlobalSection
	GlobalSection(SolutionProperties) = preSolution
		HideSolutionNode = FALSE
	EndGlobalSection
	GlobalSection(ExtensibilityGlobals) = postSolution
		SolutionGuid = {A568E12A-22DD-4FBC-B01F-7964CFA02BD2}
	EndGlobalSection
EndGlobal
